
Microsoft Visual Studio Solution File, Format Version 12.00
# Visual Studio 15
VisualStudioVersion = 15.0.27130.2010
MinimumVisualStudioVersion = 10.0.40219.1
Project("{FAE04EC0-301F-11D3-BF4B-00C04F79EFBC}") = "MyBooks.Android", "MyBooks\MyBooks.Android\MyBooks.Android.csproj", "{F88BFAFE-50AD-4146-BFEB-73F18F1AA6D0}"
EndProject
Project("{FAE04EC0-301F-11D3-BF4B-00C04F79EFBC}") = "MyBooks.iOS", "MyBooks\MyBooks.iOS\MyBooks.iOS.csproj", "{07F49925-707E-4C3C-8F69-D170E697DA39}"
EndProject
Project("{FAE04EC0-301F-11D3-BF4B-00C04F79EFBC}") = "MyBooks.UWP", "MyBooks\MyBooks.UWP\MyBooks.UWP.csproj", "{F7B6B938-E00C-4E8D-935E-CB40B8182F23}"
EndProject
Project("{FAE04EC0-301F-11D3-BF4B-00C04F79EFBC}") = "MyBooks", "MyBooks\MyBooks\MyBooks.csproj", "{C35C23B2-266A-4C9E-8222-6B93EDD1A307}"
EndProject
Global
	GlobalSection(SolutionConfigurationPlatforms) = preSolution
		Ad-Hoc|Any CPU = Ad-Hoc|Any CPU
		Ad-Hoc|ARM = Ad-Hoc|ARM
		Ad-Hoc|iPhone = Ad-Hoc|iPhone
		Ad-Hoc|iPhoneSimulator = Ad-Hoc|iPhoneSimulator
		Ad-Hoc|x64 = Ad-Hoc|x64
		Ad-Hoc|x86 = Ad-Hoc|x86
		AppStore|Any CPU = AppStore|Any CPU
		AppStore|ARM = AppStore|ARM
		AppStore|iPhone = AppStore|iPhone
		AppStore|iPhoneSimulator = AppStore|iPhoneSimulator
		AppStore|x64 = AppStore|x64
		AppStore|x86 = AppStore|x86
		Debug|Any CPU = Debug|Any CPU
		Debug|ARM = Debug|ARM
		Debug|iPhone = Debug|iPhone
		Debug|iPhoneSimulator = Debug|iPhoneSimulator
		Debug|x64 = Debug|x64
		Debug|x86 = Debug|x86
		Release|Any CPU = Release|Any CPU
		Release|ARM = Release|ARM
		Release|iPhone = Release|iPhone
		Release|iPhoneSimulator = Release|iPhoneSimulator
		Release|x64 = Release|x64
		Release|x86 = Release|x86
	EndGlobalSection
	GlobalSection(ProjectConfigurationPlatforms) = postSolution
		{F88BFAFE-50AD-4146-BFEB-73F18F1AA6D0}.Ad-Hoc|Any CPU.ActiveCfg = Release|Any CPU
		{F88BFAFE-50AD-4146-BFEB-73F18F1AA6D0}.Ad-Hoc|Any CPU.Build.0 = Release|Any CPU
		{F88BFAFE-50AD-4146-BFEB-73F18F1AA6D0}.Ad-Hoc|Any CPU.Deploy.0 = Release|Any CPU
		{F88BFAFE-50AD-4146-BFEB-73F18F1AA6D0}.Ad-Hoc|ARM.ActiveCfg = Release|Any CPU
		{F88BFAFE-50AD-4146-BFEB-73F18F1AA6D0}.Ad-Hoc|ARM.Build.0 = Release|Any CPU
		{F88BFAFE-50AD-4146-BFEB-73F18F1AA6D0}.Ad-Hoc|ARM.Deploy.0 = Release|Any CPU
		{F88BFAFE-50AD-4146-BFEB-73F18F1AA6D0}.Ad-Hoc|iPhone.ActiveCfg = Release|Any CPU
		{F88BFAFE-50AD-4146-BFEB-73F18F1AA6D0}.Ad-Hoc|iPhone.Build.0 = Release|Any CPU
		{F88BFAFE-50AD-4146-BFEB-73F18F1AA6D0}.Ad-Hoc|iPhone.Deploy.0 = Release|Any CPU
		{F88BFAFE-50AD-4146-BFEB-73F18F1AA6D0}.Ad-Hoc|iPhoneSimulator.ActiveCfg = Release|Any CPU
		{F88BFAFE-50AD-4146-BFEB-73F18F1AA6D0}.Ad-Hoc|iPhoneSimulator.Build.0 = Release|Any CPU
		{F88BFAFE-50AD-4146-BFEB-73F18F1AA6D0}.Ad-Hoc|iPhoneSimulator.Deploy.0 = Release|Any CPU
		{F88BFAFE-50AD-4146-BFEB-73F18F1AA6D0}.Ad-Hoc|x64.ActiveCfg = Release|Any CPU
		{F88BFAFE-50AD-4146-BFEB-73F18F1AA6D0}.Ad-Hoc|x64.Build.0 = Release|Any CPU
		{F88BFAFE-50AD-4146-BFEB-73F18F1AA6D0}.Ad-Hoc|x64.Deploy.0 = Release|Any CPU
		{F88BFAFE-50AD-4146-BFEB-73F18F1AA6D0}.Ad-Hoc|x86.ActiveCfg = Release|Any CPU
		{F88BFAFE-50AD-4146-BFEB-73F18F1AA6D0}.Ad-Hoc|x86.Build.0 = Release|Any CPU
		{F88BFAFE-50AD-4146-BFEB-73F18F1AA6D0}.Ad-Hoc|x86.Deploy.0 = Release|Any CPU
		{F88BFAFE-50AD-4146-BFEB-73F18F1AA6D0}.AppStore|Any CPU.ActiveCfg = Release|Any CPU
		{F88BFAFE-50AD-4146-BFEB-73F18F1AA6D0}.AppStore|Any CPU.Build.0 = Release|Any CPU
		{F88BFAFE-50AD-4146-BFEB-73F18F1AA6D0}.AppStore|Any CPU.Deploy.0 = Release|Any CPU
		{F88BFAFE-50AD-4146-BFEB-73F18F1AA6D0}.AppStore|ARM.ActiveCfg = Release|Any CPU
		{F88BFAFE-50AD-4146-BFEB-73F18F1AA6D0}.AppStore|ARM.Build.0 = Release|Any CPU
		{F88BFAFE-50AD-4146-BFEB-73F18F1AA6D0}.AppStore|ARM.Deploy.0 = Release|Any CPU
		{F88BFAFE-50AD-4146-BFEB-73F18F1AA6D0}.AppStore|iPhone.ActiveCfg = Release|Any CPU
		{F88BFAFE-50AD-4146-BFEB-73F18F1AA6D0}.AppStore|iPhone.Build.0 = Release|Any CPU
		{F88BFAFE-50AD-4146-BFEB-73F18F1AA6D0}.AppStore|iPhone.Deploy.0 = Release|Any CPU
		{F88BFAFE-50AD-4146-BFEB-73F18F1AA6D0}.AppStore|iPhoneSimulator.ActiveCfg = Release|Any CPU
		{F88BFAFE-50AD-4146-BFEB-73F18F1AA6D0}.AppStore|iPhoneSimulator.Build.0 = Release|Any CPU
		{F88BFAFE-50AD-4146-BFEB-73F18F1AA6D0}.AppStore|iPhoneSimulator.Deploy.0 = Release|Any CPU
		{F88BFAFE-50AD-4146-BFEB-73F18F1AA6D0}.AppStore|x64.ActiveCfg = Release|Any CPU
		{F88BFAFE-50AD-4146-BFEB-73F18F1AA6D0}.AppStore|x64.Build.0 = Release|Any CPU
		{F88BFAFE-50AD-4146-BFEB-73F18F1AA6D0}.AppStore|x64.Deploy.0 = Release|Any CPU
		{F88BFAFE-50AD-4146-BFEB-73F18F1AA6D0}.AppStore|x86.ActiveCfg = Release|Any CPU
		{F88BFAFE-50AD-4146-BFEB-73F18F1AA6D0}.AppStore|x86.Build.0 = Release|Any CPU
		{F88BFAFE-50AD-4146-BFEB-73F18F1AA6D0}.AppStore|x86.Deploy.0 = Release|Any CPU
		{F88BFAFE-50AD-4146-BFEB-73F18F1AA6D0}.Debug|Any CPU.ActiveCfg = Debug|Any CPU
		{F88BFAFE-50AD-4146-BFEB-73F18F1AA6D0}.Debug|Any CPU.Build.0 = Debug|Any CPU
		{F88BFAFE-50AD-4146-BFEB-73F18F1AA6D0}.Debug|Any CPU.Deploy.0 = Debug|Any CPU
		{F88BFAFE-50AD-4146-BFEB-73F18F1AA6D0}.Debug|ARM.ActiveCfg = Debug|Any CPU
		{F88BFAFE-50AD-4146-BFEB-73F18F1AA6D0}.Debug|ARM.Build.0 = Debug|Any CPU
		{F88BFAFE-50AD-4146-BFEB-73F18F1AA6D0}.Debug|ARM.Deploy.0 = Debug|Any CPU
		{F88BFAFE-50AD-4146-BFEB-73F18F1AA6D0}.Debug|iPhone.ActiveCfg = Debug|Any CPU
		{F88BFAFE-50AD-4146-BFEB-73F18F1AA6D0}.Debug|iPhone.Build.0 = Debug|Any CPU
		{F88BFAFE-50AD-4146-BFEB-73F18F1AA6D0}.Debug|iPhone.Deploy.0 = Debug|Any CPU
		{F88BFAFE-50AD-4146-BFEB-73F18F1AA6D0}.Debug|iPhoneSimulator.ActiveCfg = Debug|Any CPU
		{F88BFAFE-50AD-4146-BFEB-73F18F1AA6D0}.Debug|iPhoneSimulator.Build.0 = Debug|Any CPU
		{F88BFAFE-50AD-4146-BFEB-73F18F1AA6D0}.Debug|iPhoneSimulator.Deploy.0 = Debug|Any CPU
		{F88BFAFE-50AD-4146-BFEB-73F18F1AA6D0}.Debug|x64.ActiveCfg = Debug|Any CPU
		{F88BFAFE-50AD-4146-BFEB-73F18F1AA6D0}.Debug|x64.Build.0 = Debug|Any CPU
		{F88BFAFE-50AD-4146-BFEB-73F18F1AA6D0}.Debug|x64.Deploy.0 = Debug|Any CPU
		{F88BFAFE-50AD-4146-BFEB-73F18F1AA6D0}.Debug|x86.ActiveCfg = Debug|Any CPU
		{F88BFAFE-50AD-4146-BFEB-73F18F1AA6D0}.Debug|x86.Build.0 = Debug|Any CPU
		{F88BFAFE-50AD-4146-BFEB-73F18F1AA6D0}.Debug|x86.Deploy.0 = Debug|Any CPU
		{F88BFAFE-50AD-4146-BFEB-73F18F1AA6D0}.Release|Any CPU.ActiveCfg = Release|Any CPU
		{F88BFAFE-50AD-4146-BFEB-73F18F1AA6D0}.Release|Any CPU.Build.0 = Release|Any CPU
		{F88BFAFE-50AD-4146-BFEB-73F18F1AA6D0}.Release|Any CPU.Deploy.0 = Release|Any CPU
		{F88BFAFE-50AD-4146-BFEB-73F18F1AA6D0}.Release|ARM.ActiveCfg = Release|Any CPU
		{F88BFAFE-50AD-4146-BFEB-73F18F1AA6D0}.Release|ARM.Build.0 = Release|Any CPU
		{F88BFAFE-50AD-4146-BFEB-73F18F1AA6D0}.Release|ARM.Deploy.0 = Release|Any CPU
		{F88BFAFE-50AD-4146-BFEB-73F18F1AA6D0}.Release|iPhone.ActiveCfg = Release|Any CPU
		{F88BFAFE-50AD-4146-BFEB-73F18F1AA6D0}.Release|iPhone.Build.0 = Release|Any CPU
		{F88BFAFE-50AD-4146-BFEB-73F18F1AA6D0}.Release|iPhone.Deploy.0 = Release|Any CPU
		{F88BFAFE-50AD-4146-BFEB-73F18F1AA6D0}.Release|iPhoneSimulator.ActiveCfg = Release|Any CPU
		{F88BFAFE-50AD-4146-BFEB-73F18F1AA6D0}.Release|iPhoneSimulator.Build.0 = Release|Any CPU
		{F88BFAFE-50AD-4146-BFEB-73F18F1AA6D0}.Release|iPhoneSimulator.Deploy.0 = Release|Any CPU
		{F88BFAFE-50AD-4146-BFEB-73F18F1AA6D0}.Release|x64.ActiveCfg = Release|Any CPU
		{F88BFAFE-50AD-4146-BFEB-73F18F1AA6D0}.Release|x64.Build.0 = Release|Any CPU
		{F88BFAFE-50AD-4146-BFEB-73F18F1AA6D0}.Release|x64.Deploy.0 = Release|Any CPU
		{F88BFAFE-50AD-4146-BFEB-73F18F1AA6D0}.Release|x86.ActiveCfg = Release|Any CPU
		{F88BFAFE-50AD-4146-BFEB-73F18F1AA6D0}.Release|x86.Build.0 = Release|Any CPU
		{F88BFAFE-50AD-4146-BFEB-73F18F1AA6D0}.Release|x86.Deploy.0 = Release|Any CPU
		{07F49925-707E-4C3C-8F69-D170E697DA39}.Ad-Hoc|Any CPU.ActiveCfg = Ad-Hoc|iPhone
		{07F49925-707E-4C3C-8F69-D170E697DA39}.Ad-Hoc|ARM.ActiveCfg = Ad-Hoc|iPhone
		{07F49925-707E-4C3C-8F69-D170E697DA39}.Ad-Hoc|iPhone.ActiveCfg = Ad-Hoc|iPhone
		{07F49925-707E-4C3C-8F69-D170E697DA39}.Ad-Hoc|iPhone.Build.0 = Ad-Hoc|iPhone
		{07F49925-707E-4C3C-8F69-D170E697DA39}.Ad-Hoc|iPhoneSimulator.ActiveCfg = Ad-Hoc|iPhoneSimulator
		{07F49925-707E-4C3C-8F69-D170E697DA39}.Ad-Hoc|iPhoneSimulator.Build.0 = Ad-Hoc|iPhoneSimulator
		{07F49925-707E-4C3C-8F69-D170E697DA39}.Ad-Hoc|x64.ActiveCfg = Ad-Hoc|iPhone
		{07F49925-707E-4C3C-8F69-D170E697DA39}.Ad-Hoc|x86.ActiveCfg = Ad-Hoc|iPhone
		{07F49925-707E-4C3C-8F69-D170E697DA39}.AppStore|Any CPU.ActiveCfg = AppStore|iPhone
		{07F49925-707E-4C3C-8F69-D170E697DA39}.AppStore|ARM.ActiveCfg = AppStore|iPhone
		{07F49925-707E-4C3C-8F69-D170E697DA39}.AppStore|iPhone.ActiveCfg = AppStore|iPhone
		{07F49925-707E-4C3C-8F69-D170E697DA39}.AppStore|iPhone.Build.0 = AppStore|iPhone
		{07F49925-707E-4C3C-8F69-D170E697DA39}.AppStore|iPhoneSimulator.ActiveCfg = AppStore|iPhoneSimulator
		{07F49925-707E-4C3C-8F69-D170E697DA39}.AppStore|iPhoneSimulator.Build.0 = AppStore|iPhoneSimulator
		{07F49925-707E-4C3C-8F69-D170E697DA39}.AppStore|x64.ActiveCfg = AppStore|iPhone
		{07F49925-707E-4C3C-8F69-D170E697DA39}.AppStore|x86.ActiveCfg = AppStore|iPhone
		{07F49925-707E-4C3C-8F69-D170E697DA39}.Debug|Any CPU.ActiveCfg = Debug|iPhone
		{07F49925-707E-4C3C-8F69-D170E697DA39}.Debug|ARM.ActiveCfg = Debug|iPhone
		{07F49925-707E-4C3C-8F69-D170E697DA39}.Debug|iPhone.ActiveCfg = Debug|iPhone
		{07F49925-707E-4C3C-8F69-D170E697DA39}.Debug|iPhone.Build.0 = Debug|iPhone
		{07F49925-707E-4C3C-8F69-D170E697DA39}.Debug|iPhoneSimulator.ActiveCfg = Debug|iPhoneSimulator
		{07F49925-707E-4C3C-8F69-D170E697DA39}.Debug|iPhoneSimulator.Build.0 = Debug|iPhoneSimulator
		{07F49925-707E-4C3C-8F69-D170E697DA39}.Debug|x64.ActiveCfg = Debug|iPhone
		{07F49925-707E-4C3C-8F69-D170E697DA39}.Debug|x86.ActiveCfg = Debug|iPhone
		{07F49925-707E-4C3C-8F69-D170E697DA39}.Release|Any CPU.ActiveCfg = Release|iPhone
		{07F49925-707E-4C3C-8F69-D170E697DA39}.Release|ARM.ActiveCfg = Release|iPhone
		{07F49925-707E-4C3C-8F69-D170E697DA39}.Release|iPhone.ActiveCfg = Release|iPhone
		{07F49925-707E-4C3C-8F69-D170E697DA39}.Release|iPhone.Build.0 = Release|iPhone
		{07F49925-707E-4C3C-8F69-D170E697DA39}.Release|iPhoneSimulator.ActiveCfg = Release|iPhoneSimulator
		{07F49925-707E-4C3C-8F69-D170E697DA39}.Release|iPhoneSimulator.Build.0 = Release|iPhoneSimulator
		{07F49925-707E-4C3C-8F69-D170E697DA39}.Release|x64.ActiveCfg = Release|iPhone
		{07F49925-707E-4C3C-8F69-D170E697DA39}.Release|x86.ActiveCfg = Release|iPhone
		{F7B6B938-E00C-4E8D-935E-CB40B8182F23}.Ad-Hoc|Any CPU.ActiveCfg = Release|x86
		{F7B6B938-E00C-4E8D-935E-CB40B8182F23}.Ad-Hoc|Any CPU.Build.0 = Release|x86
		{F7B6B938-E00C-4E8D-935E-CB40B8182F23}.Ad-Hoc|Any CPU.Deploy.0 = Release|x86
		{F7B6B938-E00C-4E8D-935E-CB40B8182F23}.Ad-Hoc|ARM.ActiveCfg = Release|ARM
		{F7B6B938-E00C-4E8D-935E-CB40B8182F23}.Ad-Hoc|ARM.Build.0 = Release|ARM
		{F7B6B938-E00C-4E8D-935E-CB40B8182F23}.Ad-Hoc|ARM.Deploy.0 = Release|ARM
		{F7B6B938-E00C-4E8D-935E-CB40B8182F23}.Ad-Hoc|iPhone.ActiveCfg = Release|x86
		{F7B6B938-E00C-4E8D-935E-CB40B8182F23}.Ad-Hoc|iPhone.Build.0 = Release|x86
		{F7B6B938-E00C-4E8D-935E-CB40B8182F23}.Ad-Hoc|iPhone.Deploy.0 = Release|x86
		{F7B6B938-E00C-4E8D-935E-CB40B8182F23}.Ad-Hoc|iPhoneSimulator.ActiveCfg = Release|x86
		{F7B6B938-E00C-4E8D-935E-CB40B8182F23}.Ad-Hoc|iPhoneSimulator.Build.0 = Release|x86
		{F7B6B938-E00C-4E8D-935E-CB40B8182F23}.Ad-Hoc|iPhoneSimulator.Deploy.0 = Release|x86
		{F7B6B938-E00C-4E8D-935E-CB40B8182F23}.Ad-Hoc|x64.ActiveCfg = Release|x64
		{F7B6B938-E00C-4E8D-935E-CB40B8182F23}.Ad-Hoc|x64.Build.0 = Release|x64
		{F7B6B938-E00C-4E8D-935E-CB40B8182F23}.Ad-Hoc|x64.Deploy.0 = Release|x64
		{F7B6B938-E00C-4E8D-935E-CB40B8182F23}.Ad-Hoc|x86.ActiveCfg = Release|x86
		{F7B6B938-E00C-4E8D-935E-CB40B8182F23}.Ad-Hoc|x86.Build.0 = Release|x86
		{F7B6B938-E00C-4E8D-935E-CB40B8182F23}.Ad-Hoc|x86.Deploy.0 = Release|x86
		{F7B6B938-E00C-4E8D-935E-CB40B8182F23}.AppStore|Any CPU.ActiveCfg = Release|x86
		{F7B6B938-E00C-4E8D-935E-CB40B8182F23}.AppStore|Any CPU.Build.0 = Release|x86
		{F7B6B938-E00C-4E8D-935E-CB40B8182F23}.AppStore|Any CPU.Deploy.0 = Release|x86
		{F7B6B938-E00C-4E8D-935E-CB40B8182F23}.AppStore|ARM.ActiveCfg = Release|ARM
		{F7B6B938-E00C-4E8D-935E-CB40B8182F23}.AppStore|ARM.Build.0 = Release|ARM
		{F7B6B938-E00C-4E8D-935E-CB40B8182F23}.AppStore|ARM.Deploy.0 = Release|ARM
		{F7B6B938-E00C-4E8D-935E-CB40B8182F23}.AppStore|iPhone.ActiveCfg = Release|x86
		{F7B6B938-E00C-4E8D-935E-CB40B8182F23}.AppStore|iPhone.Build.0 = Release|x86
		{F7B6B938-E00C-4E8D-935E-CB40B8182F23}.AppStore|iPhone.Deploy.0 = Release|x86
		{F7B6B938-E00C-4E8D-935E-CB40B8182F23}.AppStore|iPhoneSimulator.ActiveCfg = Release|x86
		{F7B6B938-E00C-4E8D-935E-CB40B8182F23}.AppStore|iPhoneSimulator.Build.0 = Release|x86
		{F7B6B938-E00C-4E8D-935E-CB40B8182F23}.AppStore|iPhoneSimulator.Deploy.0 = Release|x86
		{F7B6B938-E00C-4E8D-935E-CB40B8182F23}.AppStore|x64.ActiveCfg = Release|x64
		{F7B6B938-E00C-4E8D-935E-CB40B8182F23}.AppStore|x64.Build.0 = Release|x64
		{F7B6B938-E00C-4E8D-935E-CB40B8182F23}.AppStore|x64.Deploy.0 = Release|x64
		{F7B6B938-E00C-4E8D-935E-CB40B8182F23}.AppStore|x86.ActiveCfg = Release|x86
		{F7B6B938-E00C-4E8D-935E-CB40B8182F23}.AppStore|x86.Build.0 = Release|x86
		{F7B6B938-E00C-4E8D-935E-CB40B8182F23}.AppStore|x86.Deploy.0 = Release|x86
		{F7B6B938-E00C-4E8D-935E-CB40B8182F23}.Debug|Any CPU.ActiveCfg = Debug|x86
		{F7B6B938-E00C-4E8D-935E-CB40B8182F23}.Debug|ARM.ActiveCfg = Debug|ARM
		{F7B6B938-E00C-4E8D-935E-CB40B8182F23}.Debug|ARM.Build.0 = Debug|ARM
		{F7B6B938-E00C-4E8D-935E-CB40B8182F23}.Debug|ARM.Deploy.0 = Debug|ARM
		{F7B6B938-E00C-4E8D-935E-CB40B8182F23}.Debug|iPhone.ActiveCfg = Debug|x86
		{F7B6B938-E00C-4E8D-935E-CB40B8182F23}.Debug|iPhoneSimulator.ActiveCfg = Debug|x86
		{F7B6B938-E00C-4E8D-935E-CB40B8182F23}.Debug|x64.ActiveCfg = Debug|x64
		{F7B6B938-E00C-4E8D-935E-CB40B8182F23}.Debug|x64.Build.0 = Debug|x64
		{F7B6B938-E00C-4E8D-935E-CB40B8182F23}.Debug|x64.Deploy.0 = Debug|x64
		{F7B6B938-E00C-4E8D-935E-CB40B8182F23}.Debug|x86.ActiveCfg = Debug|x86
		{F7B6B938-E00C-4E8D-935E-CB40B8182F23}.Debug|x86.Build.0 = Debug|x86
		{F7B6B938-E00C-4E8D-935E-CB40B8182F23}.Debug|x86.Deploy.0 = Debug|x86
		{F7B6B938-E00C-4E8D-935E-CB40B8182F23}.Release|Any CPU.ActiveCfg = Release|x86
		{F7B6B938-E00C-4E8D-935E-CB40B8182F23}.Release|ARM.ActiveCfg = Release|ARM
		{F7B6B938-E00C-4E8D-935E-CB40B8182F23}.Release|ARM.Build.0 = Release|ARM
		{F7B6B938-E00C-4E8D-935E-CB40B8182F23}.Release|ARM.Deploy.0 = Release|ARM
		{F7B6B938-E00C-4E8D-935E-CB40B8182F23}.Release|iPhone.ActiveCfg = Release|x86
		{F7B6B938-E00C-4E8D-935E-CB40B8182F23}.Release|iPhoneSimulator.ActiveCfg = Release|x86
		{F7B6B938-E00C-4E8D-935E-CB40B8182F23}.Release|x64.ActiveCfg = Release|x64
		{F7B6B938-E00C-4E8D-935E-CB40B8182F23}.Release|x64.Build.0 = Release|x64
		{F7B6B938-E00C-4E8D-935E-CB40B8182F23}.Release|x64.Deploy.0 = Release|x64
		{F7B6B938-E00C-4E8D-935E-CB40B8182F23}.Release|x86.ActiveCfg = Release|x86
		{F7B6B938-E00C-4E8D-935E-CB40B8182F23}.Release|x86.Build.0 = Release|x86
		{F7B6B938-E00C-4E8D-935E-CB40B8182F23}.Release|x86.Deploy.0 = Release|x86
		{C35C23B2-266A-4C9E-8222-6B93EDD1A307}.Ad-Hoc|Any CPU.ActiveCfg = Debug|Any CPU
		{C35C23B2-266A-4C9E-8222-6B93EDD1A307}.Ad-Hoc|Any CPU.Build.0 = Debug|Any CPU
		{C35C23B2-266A-4C9E-8222-6B93EDD1A307}.Ad-Hoc|ARM.ActiveCfg = Debug|Any CPU
		{C35C23B2-266A-4C9E-8222-6B93EDD1A307}.Ad-Hoc|ARM.Build.0 = Debug|Any CPU
		{C35C23B2-266A-4C9E-8222-6B93EDD1A307}.Ad-Hoc|iPhone.ActiveCfg = Debug|Any CPU
		{C35C23B2-266A-4C9E-8222-6B93EDD1A307}.Ad-Hoc|iPhone.Build.0 = Debug|Any CPU
		{C35C23B2-266A-4C9E-8222-6B93EDD1A307}.Ad-Hoc|iPhoneSimulator.ActiveCfg = Debug|Any CPU
		{C35C23B2-266A-4C9E-8222-6B93EDD1A307}.Ad-Hoc|iPhoneSimulator.Build.0 = Debug|Any CPU
		{C35C23B2-266A-4C9E-8222-6B93EDD1A307}.Ad-Hoc|x64.ActiveCfg = Debug|Any CPU
		{C35C23B2-266A-4C9E-8222-6B93EDD1A307}.Ad-Hoc|x64.Build.0 = Debug|Any CPU
		{C35C23B2-266A-4C9E-8222-6B93EDD1A307}.Ad-Hoc|x86.ActiveCfg = Debug|Any CPU
		{C35C23B2-266A-4C9E-8222-6B93EDD1A307}.Ad-Hoc|x86.Build.0 = Debug|Any CPU
		{C35C23B2-266A-4C9E-8222-6B93EDD1A307}.AppStore|Any CPU.ActiveCfg = Debug|Any CPU
		{C35C23B2-266A-4C9E-8222-6B93EDD1A307}.AppStore|Any CPU.Build.0 = Debug|Any CPU
		{C35C23B2-266A-4C9E-8222-6B93EDD1A307}.AppStore|ARM.ActiveCfg = Debug|Any CPU
		{C35C23B2-266A-4C9E-8222-6B93EDD1A307}.AppStore|ARM.Build.0 = Debug|Any CPU
		{C35C23B2-266A-4C9E-8222-6B93EDD1A307}.AppStore|iPhone.ActiveCfg = Debug|Any CPU
		{C35C23B2-266A-4C9E-8222-6B93EDD1A307}.AppStore|iPhone.Build.0 = Debug|Any CPU
		{C35C23B2-266A-4C9E-8222-6B93EDD1A307}.AppStore|iPhoneSimulator.ActiveCfg = Debug|Any CPU
		{C35C23B2-266A-4C9E-8222-6B93EDD1A307}.AppStore|iPhoneSimulator.Build.0 = Debug|Any CPU
		{C35C23B2-266A-4C9E-8222-6B93EDD1A307}.AppStore|x64.ActiveCfg = Debug|Any CPU
		{C35C23B2-266A-4C9E-8222-6B93EDD1A307}.AppStore|x64.Build.0 = Debug|Any CPU
		{C35C23B2-266A-4C9E-8222-6B93EDD1A307}.AppStore|x86.ActiveCfg = Debug|Any CPU
		{C35C23B2-266A-4C9E-8222-6B93EDD1A307}.AppStore|x86.Build.0 = Debug|Any CPU
		{C35C23B2-266A-4C9E-8222-6B93EDD1A307}.Debug|Any CPU.ActiveCfg = Debug|Any CPU
		{C35C23B2-266A-4C9E-8222-6B93EDD1A307}.Debug|Any CPU.Build.0 = Debug|Any CPU
		{C35C23B2-266A-4C9E-8222-6B93EDD1A307}.Debug|ARM.ActiveCfg = Debug|Any CPU
		{C35C23B2-266A-4C9E-8222-6B93EDD1A307}.Debug|ARM.Build.0 = Debug|Any CPU
		{C35C23B2-266A-4C9E-8222-6B93EDD1A307}.Debug|iPhone.ActiveCfg = Debug|Any CPU
		{C35C23B2-266A-4C9E-8222-6B93EDD1A307}.Debug|iPhone.Build.0 = Debug|Any CPU
		{C35C23B2-266A-4C9E-8222-6B93EDD1A307}.Debug|iPhoneSimulator.ActiveCfg = Debug|Any CPU
		{C35C23B2-266A-4C9E-8222-6B93EDD1A307}.Debug|iPhoneSimulator.Build.0 = Debug|Any CPU
		{C35C23B2-266A-4C9E-8222-6B93EDD1A307}.Debug|x64.ActiveCfg = Debug|Any CPU
		{C35C23B2-266A-4C9E-8222-6B93EDD1A307}.Debug|x64.Build.0 = Debug|Any CPU
		{C35C23B2-266A-4C9E-8222-6B93EDD1A307}.Debug|x86.ActiveCfg = Debug|Any CPU
		{C35C23B2-266A-4C9E-8222-6B93EDD1A307}.Debug|x86.Build.0 = Debug|Any CPU
		{C35C23B2-266A-4C9E-8222-6B93EDD1A307}.Release|Any CPU.ActiveCfg = Release|Any CPU
		{C35C23B2-266A-4C9E-8222-6B93EDD1A307}.Release|Any CPU.Build.0 = Release|Any CPU
		{C35C23B2-266A-4C9E-8222-6B93EDD1A307}.Release|ARM.ActiveCfg = Release|Any CPU
		{C35C23B2-266A-4C9E-8222-6B93EDD1A307}.Release|ARM.Build.0 = Release|Any CPU
		{C35C23B2-266A-4C9E-8222-6B93EDD1A307}.Release|iPhone.ActiveCfg = Release|Any CPU
		{C35C23B2-266A-4C9E-8222-6B93EDD1A307}.Release|iPhone.Build.0 = Release|Any CPU
		{C35C23B2-266A-4C9E-8222-6B93EDD1A307}.Release|iPhoneSimulator.ActiveCfg = Release|Any CPU
		{C35C23B2-266A-4C9E-8222-6B93EDD1A307}.Release|iPhoneSimulator.Build.0 = Release|Any CPU
		{C35C23B2-266A-4C9E-8222-6B93EDD1A307}.Release|x64.ActiveCfg = Release|Any CPU
		{C35C23B2-266A-4C9E-8222-6B93EDD1A307}.Release|x64.Build.0 = Release|Any CPU
		{C35C23B2-266A-4C9E-8222-6B93EDD1A307}.Release|x86.ActiveCfg = Release|Any CPU
		{C35C23B2-266A-4C9E-8222-6B93EDD1A307}.Release|x86.Build.0 = Release|Any CPU
	EndGlobalSection
	GlobalSection(SolutionProperties) = preSolution
		HideSolutionNode = FALSE
	EndGlobalSection
	GlobalSection(ExtensibilityGlobals) = postSolution
		SolutionGuid = {D52EEAD8-E9BA-40E0-982D-44789AE7D06B}
	EndGlobalSection
EndGlobal
